
Microsoft Visual Studio Solution File, Format Version 12.00
# Visual Studio Version 16
VisualStudioVersion = 16.0.31424.327
MinimumVisualStudioVersion = 10.0.40219.1
Project("{FAE04EC0-301F-11D3-BF4B-00C04F79EFBC}") = "JogoForcaWPF", "JogoForcaWPF.csproj", "{B44F69B5-38A2-4D90-ADC2-F7DAEC2443B5}"
EndProject
Global
	GlobalSection(SolutionConfigurationPlatforms) = preSolution
		Debug|Any CPU = Debug|Any CPU
		Release|Any CPU = Release|Any CPU
	EndGlobalSection
	GlobalSection(ProjectConfigurationPlatforms) = postSolution
		{B44F69B5-38A2-4D90-ADC2-F7DAEC2443B5}.Debug|Any CPU.ActiveCfg = Debug|Any CPU
		{B44F69B5-38A2-4D90-ADC2-F7DAEC2443B5}.Debug|Any CPU.Build.0 = Debug|Any CPU
		{B44F69B5-38A2-4D90-ADC2-F7DAEC2443B5}.Release|Any CPU.ActiveCfg = Release|Any CPU
		{B44F69B5-38A2-4D90-ADC2-F7DAEC2443B5}.Release|Any CPU.Build.0 = Release|Any CPU
	EndGlobalSection
	GlobalSection(SolutionProperties) = preSolution
		HideSolutionNode = FALSE
	EndGlobalSection
	GlobalSection(ExtensibilityGlobals) = postSolution
		SolutionGuid = {00E00E7D-4FE0-4761-9A1F-27058B7429B8}
	EndGlobalSection
EndGlobal
